Microsoft Visual Studio Solution File, Format Version 12.00
# Visual Studio Version 17
VisualStudioVersion = 17.5.2.0
MinimumVisualStudioVersion = 10.0.40219.1
Project("{FAE04EC0-301F-11D3-BF4B-00C04F79EFBC}") = "StockWeb", "StockWeb\StockWeb.csproj", "{1D27CE99-ADDD-2C61-5EBF-6610B1140566}"
EndProject
Global
	GlobalSection(SolutionConfigurationPlatforms) = preSolution
		Debug|Any CPU = Debug|Any CPU
		Release|Any CPU = Release|Any CPU
	EndGlobalSection
	GlobalSection(ProjectConfigurationPlatforms) = postSolution
		{1D27CE99-ADDD-2C61-5EBF-6610B1140566}.Debug|Any CPU.ActiveCfg = Debug|Any CPU
		{1D27CE99-ADDD-2C61-5EBF-6610B1140566}.Debug|Any CPU.Build.0 = Debug|Any CPU
		{1D27CE99-ADDD-2C61-5EBF-6610B1140566}.Release|Any CPU.ActiveCfg = Release|Any CPU
		{1D27CE99-ADDD-2C61-5EBF-6610B1140566}.Release|Any CPU.Build.0 = Release|Any CPU
	EndGlobalSection
	GlobalSection(SolutionProperties) = preSolution
		HideSolutionNode = FALSE
	EndGlobalSection
	GlobalSection(ExtensibilityGlobals) = postSolution
		SolutionGuid = {B35AE737-E4D2-4A12-A62A-57E10CDB329C}
	EndGlobalSection
EndGlobal
